
Microsoft Visual Studio Solution File, Format Version 12.00
# Visual Studio Version 17
VisualStudioVersion = 17.3.32922.545
MinimumVisualStudioVersion = 10.0.40219.1
Project("{FAE04EC0-301F-11D3-BF4B-00C04F79EFBC}") = "food-pato", "food-pato.csproj", "{E34E595F-399A-4947-AEDF-3B322E0339B8}"
EndProject
Global
	GlobalSection(SolutionConfigurationPlatforms) = preSolution
		Debug|Any CPU = Debug|Any CPU
		Release|Any CPU = Release|Any CPU
	EndGlobalSection
	GlobalSection(ProjectConfigurationPlatforms) = postSolution
		{E34E595F-399A-4947-AEDF-3B322E0339B8}.Debug|Any CPU.ActiveCfg = Debug|Any CPU
		{E34E595F-399A-4947-AEDF-3B322E0339B8}.Debug|Any CPU.Build.0 = Debug|Any CPU
		{E34E595F-399A-4947-AEDF-3B322E0339B8}.Release|Any CPU.ActiveCfg = Release|Any CPU
		{E34E595F-399A-4947-AEDF-3B322E0339B8}.Release|Any CPU.Build.0 = Release|Any CPU
	EndGlobalSection
	GlobalSection(SolutionProperties) = preSolution
		HideSolutionNode = FALSE
	EndGlobalSection
	GlobalSection(ExtensibilityGlobals) = postSolution
		SolutionGuid = {76B24414-285A-4E83-8553-6D7003B61B60}
	EndGlobalSection
EndGlobal
